("quicklisp" .
 (:class qlot.source.ql:source-ql-all
  :initargs (:distribution "http://beta.quicklisp.org/dist/quicklisp.txt" :%version :latest)
  :version "2019-08-13"))
("ultralisp" .
 (:class qlot.source.ql:source-ql-all
  :initargs (:distribution "http://dist.ultralisp.org/" :%version :latest)
  :version "20190913192004"))
("slynk-named-readtables" .
 (:class qlot.source.github:source-github
  :initargs (:project-name "slynk-named-readtables" :repos "joaotavora/sly-named-readtables" :ref nil :branch nil :tag nil)
  :version "github-6b37ed2201174caa86a44e8ac3350dd09e91e606"
  :repos "joaotavora/sly-named-readtables"
  :url "https://github.com/joaotavora/sly-named-readtables/archive/6b37ed2201174caa86a44e8ac3350dd09e91e606.tar.gz"
  :ref "6b37ed2201174caa86a44e8ac3350dd09e91e606"))
